
Microsoft Visual Studio Solution File, Format Version 12.00
# Visual Studio 2012
Project("{FAE04EC0-301F-11D3-BF4B-00C04F79EFBC}") = "RunMe", "Sample\RunMe.csproj", "{D79777B6-AFD9-4CCE-824B-98C704C00AEE}"
EndProject
Project("{FAE04EC0-301F-11D3-BF4B-00C04F79EFBC}") = "UnitTests", "UnitTests\UnitTests.csproj", "{EE57197B-B092-4309-A650-FC8FF453070E}"
EndProject
Project("{2150E333-8FDC-42A3-9474-1A3956D46DE8}") = "Solution Items", "Solution Items", "{BE08A348-FF11-407A-95C2-097CF42A2AD3}"
	ProjectSection(SolutionItems) = preProject
		README.md = README.md
	EndProjectSection
EndProject
Project("{FAE04EC0-301F-11D3-BF4B-00C04F79EFBC}") = "DomainTests", "DomainTests\DomainTests.csproj", "{FF2A49E3-B4F8-44F3-B438-A37E241B85B5}"
EndProject
Global
	GlobalSection(SolutionConfigurationPlatforms) = preSolution
		Debug|Any CPU = Debug|Any CPU
		Release|Any CPU = Release|Any CPU
	EndGlobalSection
	GlobalSection(ProjectConfigurationPlatforms) = postSolution
		{D79777B6-AFD9-4CCE-824B-98C704C00AEE}.Debug|Any CPU.ActiveCfg = Debug|Any CPU
		{D79777B6-AFD9-4CCE-824B-98C704C00AEE}.Debug|Any CPU.Build.0 = Debug|Any CPU
		{D79777B6-AFD9-4CCE-824B-98C704C00AEE}.Release|Any CPU.ActiveCfg = Release|Any CPU
		{D79777B6-AFD9-4CCE-824B-98C704C00AEE}.Release|Any CPU.Build.0 = Release|Any CPU
		{EE57197B-B092-4309-A650-FC8FF453070E}.Debug|Any CPU.ActiveCfg = Debug|Any CPU
		{EE57197B-B092-4309-A650-FC8FF453070E}.Debug|Any CPU.Build.0 = Debug|Any CPU
		{EE57197B-B092-4309-A650-FC8FF453070E}.Release|Any CPU.ActiveCfg = Release|Any CPU
		{EE57197B-B092-4309-A650-FC8FF453070E}.Release|Any CPU.Build.0 = Release|Any CPU
		{FF2A49E3-B4F8-44F3-B438-A37E241B85B5}.Debug|Any CPU.ActiveCfg = Debug|Any CPU
		{FF2A49E3-B4F8-44F3-B438-A37E241B85B5}.Debug|Any CPU.Build.0 = Debug|Any CPU
		{FF2A49E3-B4F8-44F3-B438-A37E241B85B5}.Release|Any CPU.ActiveCfg = Release|Any CPU
		{FF2A49E3-B4F8-44F3-B438-A37E241B85B5}.Release|Any CPU.Build.0 = Release|Any CPU
	EndGlobalSection
	GlobalSection(SolutionProperties) = preSolution
		HideSolutionNode = FALSE
	EndGlobalSection
EndGlobal
